{
    "_meta": {
        "hash": {
            "sha256": "d8c2c9ee92e75d13d852d69aabe8a645593a8c3ddd5f0466f3f3a339f7c6f115"
        },
        "pipfile-spec": 6,
        "requires": {
            "python_version": "3.7"
        },
        "sources": [
            {
                "name": "pypi",
                "url": "https://pypi.org/simple",
                "verify_ssl": true
            }
        ]
    },
    "default": {},
    "develop": {}
}
